{
  "pins" : [
    {
      "identity" : "webosclient",
      "kind" : "remoteSourceControl",
      "location" : "https://github.com/jareksedy/WebOSClient.git",
      "state" : {
        "revision" : "754990e6a8321ebaba3f3bf8ff3c90c19e9f9719",
        "version" : "1.5.1"
      }
    }
  ],
  "version" : 2
}
